// !$*UTF8*$!
{
	archiveVersion = 1;
	classes = {
	};
	objectVersion = 46;
	objects = {

/* Begin PBXBuildFile section */
		33635F9C1E34A633008BCAF3 /* NCConstants.swift in Sources */ = {isa = PBXBuildFile; fileRef = 33635F9B1E34A633008BCAF3 /* NCConstants.swift */; };
		33635FA21E34B9DB008BCAF3 /* Modifier.swift in Sources */ = {isa = PBXBuildFile; fileRef = 33635FA11E34B9DB008BCAF3 /* Modifier.swift */; };
		33635FA41E34BD25008BCAF3 /* Digit.swift in Sources */ = {isa = PBXBuildFile; fileRef = 33635FA31E34BD25008BCAF3 /* Digit.swift */; };
		33635FA61E34BF4A008BCAF3 /* Ten.swift in Sources */ = {isa = PBXBuildFile; fileRef = 33635FA51E34BF4A008BCAF3 /* Ten.swift */; };
		33635FA81E34C0B9008BCAF3 /* Hundred.swift in Sources */ = {isa = PBXBuildFile; fileRef = 33635FA71E34C0B9008BCAF3 /* Hundred.swift */; };
		336A6C411E3363FC00929D13 /* AppDelegate.swift in Sources */ = {isa = PBXBuildFile; fileRef = 336A6C401E3363FC00929D13 /* AppDelegate.swift */; };
		336A6C431E3363FC00929D13 /* ViewController.swift in Sources */ = {isa = PBXBuildFile; fileRef = 336A6C421E3363FC00929D13 /* ViewController.swift */; };
		336A6C461E3363FC00929D13 /* Main.storyboard in Resources */ = {isa = PBXBuildFile; fileRef = 336A6C441E3363FC00929D13 /* Main.storyboard */; };
		336A6C481E3363FC00929D13 /* Assets.xcassets in Resources */ = {isa = PBXBuildFile; fileRef = 336A6C471E3363FC00929D13 /* Assets.xcassets */; };
		336A6C4B1E3363FC00929D13 /* LaunchScreen.storyboard in Resources */ = {isa = PBXBuildFile; fileRef = 336A6C491E3363FC00929D13 /* LaunchScreen.storyboard */; };
		336A6C531E33659C00929D13 /* input.plist in Resources */ = {isa = PBXBuildFile; fileRef = 336A6C521E33659C00929D13 /* input.plist */; };
		336A6C561E3372F400929D13 /* NumberConverter.swift in Sources */ = {isa = PBXBuildFile; fileRef = 336A6C551E3372F400929D13 /* NumberConverter.swift */; };
/* End PBXBuildFile section */

/* Begin PBXFileReference section */
		33635F9B1E34A633008BCAF3 /* NCConstants.swift */ = {isa = PBXFileReference; fileEncoding = 4; lastKnownFileType = sourcecode.swift; name = NCConstants.swift; path = NumberConverter/NCConstants.swift; sourceTree = "<group>"; };
		33635FA11E34B9DB008BCAF3 /* Modifier.swift */ = {isa = PBXFileReference; fileEncoding = 4; lastKnownFileType = sourcecode.swift; name = Modifier.swift; path = NumberConverter/Modifier.swift; sourceTree = "<group>"; };
		33635FA31E34BD25008BCAF3 /* Digit.swift */ = {isa = PBXFileReference; fileEncoding = 4; lastKnownFileType = sourcecode.swift; name = Digit.swift; path = NumberConverter/Digit.swift; sourceTree = "<group>"; };
		33635FA51E34BF4A008BCAF3 /* Ten.swift */ = {isa = PBXFileReference; fileEncoding = 4; lastKnownFileType = sourcecode.swift; name = Ten.swift; path = NumberConverter/Ten.swift; sourceTree = "<group>"; };
		33635FA71E34C0B9008BCAF3 /* Hundred.swift */ = {isa = PBXFileReference; fileEncoding = 4; lastKnownFileType = sourcecode.swift; name = Hundred.swift; path = NumberConverter/Hundred.swift; sourceTree = "<group>"; };
		336A6C3D1E3363FC00929D13 /* NumberToNativeLanguage.app */ = {isa = PBXFileReference; explicitFileType = wrapper.application; includeInIndex = 0; path = NumberToNativeLanguage.app; sourceTree = BUILT_PRODUCTS_DIR; };
		336A6C401E3363FC00929D13 /* AppDelegate.swift */ = {isa = PBXFileReference; lastKnownFileType = sourcecode.swift; path = AppDelegate.swift; sourceTree = "<group>"; };
		336A6C421E3363FC00929D13 /* ViewController.swift */ = {isa = PBXFileReference; lastKnownFileType = sourcecode.swift; path = ViewController.swift; sourceTree = "<group>"; };
		336A6C451E3363FC00929D13 /* Base */ = {isa = PBXFileReference; lastKnownFileType = file.storyboard; name = Base; path = Base.lproj/Main.storyboard; sourceTree = "<group>"; };
		336A6C471E3363FC00929D13 /* Assets.xcassets */ = {isa = PBXFileReference; lastKnownFileType = folder.assetcatalog; path = Assets.xcassets; sourceTree = "<group>"; };
		336A6C4A1E3363FC00929D13 /* Base */ = {isa = PBXFileReference; lastKnownFileType = file.storyboard; name = Base; path = Base.lproj/LaunchScreen.storyboard; sourceTree = "<group>"; };
		336A6C4C1E3363FC00929D13 /* Info.plist */ = {isa = PBXFileReference; lastKnownFileType = text.plist.xml; path = Info.plist; sourceTree = "<group>"; };
		336A6C521E33659C00929D13 /* input.plist */ = {isa = PBXFileReference; fileEncoding = 4; lastKnownFileType = text.plist.xml; path = input.plist; sourceTree = "<group>"; };
		336A6C551E3372F400929D13 /* NumberConverter.swift */ = {isa = PBXFileReference; fileEncoding = 4; lastKnownFileType = sourcecode.swift; name = NumberConverter.swift; path = NumberConverter/NumberConverter.swift; sourceTree = "<group>"; };
/* End PBXFileReference section */

/* Begin PBXFrameworksBuildPhase section */
		336A6C3A1E3363FC00929D13 /* Frameworks */ = {
			isa = PBXFrameworksBuildPhase;
			buildActionMask = 2147483647;
			files = (
			);
			runOnlyForDeploymentPostprocessing = 0;
		};
/* End PBXFrameworksBuildPhase section */

/* Begin PBXGroup section */
		336A6C341E3363FC00929D13 = {
			isa = PBXGroup;
			children = (
				336A6C3F1E3363FC00929D13 /* NumberToNativeLanguage */,
				336A6C3E1E3363FC00929D13 /* Products */,
			);
			sourceTree = "<group>";
		};
		336A6C3E1E3363FC00929D13 /* Products */ = {
			isa = PBXGroup;
			children = (
				336A6C3D1E3363FC00929D13 /* NumberToNativeLanguage.app */,
			);
			name = Products;
			sourceTree = "<group>";
		};
		336A6C3F1E3363FC00929D13 /* NumberToNativeLanguage */ = {
			isa = PBXGroup;
			children = (
				336A6C541E3372D600929D13 /* NumberConverter */,
				336A6C401E3363FC00929D13 /* AppDelegate.swift */,
				336A6C421E3363FC00929D13 /* ViewController.swift */,
				336A6C441E3363FC00929D13 /* Main.storyboard */,
				336A6C471E3363FC00929D13 /* Assets.xcassets */,
				336A6C491E3363FC00929D13 /* LaunchScreen.storyboard */,
				336A6C4C1E3363FC00929D13 /* Info.plist */,
				336A6C521E33659C00929D13 /* input.plist */,
			);
			path = NumberToNativeLanguage;
			sourceTree = "<group>";
		};
		336A6C541E3372D600929D13 /* NumberConverter */ = {
			isa = PBXGroup;
			children = (
				336A6C551E3372F400929D13 /* NumberConverter.swift */,
				33635F9B1E34A633008BCAF3 /* NCConstants.swift */,
				33635FA11E34B9DB008BCAF3 /* Modifier.swift */,
				33635FA31E34BD25008BCAF3 /* Digit.swift */,
				33635FA51E34BF4A008BCAF3 /* Ten.swift */,
				33635FA71E34C0B9008BCAF3 /* Hundred.swift */,
			);
			name = NumberConverter;
			sourceTree = "<group>";
		};
/* End PBXGroup section */

/* Begin PBXNativeTarget section */
		336A6C3C1E3363FC00929D13 /* NumberToNativeLanguage */ = {
			isa = PBXNativeTarget;
			buildConfigurationList = 336A6C4F1E3363FC00929D13 /* Build configuration list for PBXNativeTarget "NumberToNativeLanguage" */;
			buildPhases = (
				336A6C391E3363FC00929D13 /* Sources */,
				336A6C3A1E3363FC00929D13 /* Frameworks */,
				336A6C3B1E3363FC00929D13 /* Resources */,
			);
			buildRules = (
			);
			dependencies = (
			);
			name = NumberToNativeLanguage;
			productName = NumberToNativeLanguage;
			productReference = 336A6C3D1E3363FC00929D13 /* NumberToNativeLanguage.app */;
			productType = "com.apple.product-type.application";
		};
/* End PBXNativeTarget section */

/* Begin PBXProject section */
		336A6C351E3363FC00929D13 /* Project object */ = {
			isa = PBXProject;
			attributes = {
				LastSwiftUpdateCheck = 0820;
				LastUpgradeCheck = 0820;
				ORGANIZATIONNAME = "Serge Nanaev";
				TargetAttributes = {
					336A6C3C1E3363FC00929D13 = {
						CreatedOnToolsVersion = 8.2.1;
						ProvisioningStyle = Automatic;
					};
				};
			};
			buildConfigurationList = 336A6C381E3363FC00929D13 /* Build configuration list for PBXProject "NumberToNativeLanguage" */;
			compatibilityVersion = "Xcode 3.2";
			developmentRegion = English;
			hasScannedForEncodings = 0;
			knownRegions = (
				en,
				Base,
			);
			mainGroup = 336A6C341E3363FC00929D13;
			productRefGroup = 336A6C3E1E3363FC00929D13 /* Products */;
			projectDirPath = "";
			projectRoot = "";
			targets = (
				336A6C3C1E3363FC00929D13 /* NumberToNativeLanguage */,
			);
		};
/* End PBXProject section */

/* Begin PBXResourcesBuildPhase section */
		336A6C3B1E3363FC00929D13 /* Resources */ = {
			isa = PBXResourcesBuildPhase;
			buildActionMask = 2147483647;
			files = (
				336A6C4B1E3363FC00929D13 /* LaunchScreen.storyboard in Resources */,
				336A6C531E33659C00929D13 /* input.plist in Resources */,
				336A6C481E3363FC00929D13 /* Assets.xcassets in Resources */,
				336A6C461E3363FC00929D13 /* Main.storyboard in Resources */,
			);
			runOnlyForDeploymentPostprocessing = 0;
		};
/* End PBXResourcesBuildPhase section */

/* Begin PBXSourcesBuildPhase section */
		336A6C391E3363FC00929D13 /* Sources */ = {
			isa = PBXSourcesBuildPhase;
			buildActionMask = 2147483647;
			files = (
				336A6C431E3363FC00929D13 /* ViewController.swift in Sources */,
				336A6C411E3363FC00929D13 /* AppDelegate.swift in Sources */,
				33635FA81E34C0B9008BCAF3 /* Hundred.swift in Sources */,
				33635F9C1E34A633008BCAF3 /* NCConstants.swift in Sources */,
				336A6C561E3372F400929D13 /* NumberConverter.swift in Sources */,
				33635FA21E34B9DB008BCAF3 /* Modifier.swift in Sources */,
				33635FA61E34BF4A008BCAF3 /* Ten.swift in Sources */,
				33635FA41E34BD25008BCAF3 /* Digit.swift in Sources */,
			);
			runOnlyForDeploymentPostprocessing = 0;
		};
/* End PBXSourcesBuildPhase section */

/* Begin PBXVariantGroup section */
		336A6C441E3363FC00929D13 /* Main.storyboard */ = {
			isa = PBXVariantGroup;
			children = (
				336A6C451E3363FC00929D13 /* Base */,
			);
			name = Main.storyboard;
			sourceTree = "<group>";
		};
		336A6C491E3363FC00929D13 /* LaunchScreen.storyboard */ = {
			isa = PBXVariantGroup;
			children = (
				336A6C4A1E3363FC00929D13 /* Base */,
			);
			name = LaunchScreen.storyboard;
			sourceTree = "<group>";
		};
/* End PBXVariantGroup section */

/* Begin XCBuildConfiguration section */
		336A6C4D1E3363FC00929D13 /* Debug */ = {
			isa = XCBuildConfiguration;
			buildSettings = {
				ALWAYS_SEARCH_USER_PATHS = NO;
				CLANG_ANALYZER_NONNULL = YES;
				CLANG_CXX_LANGUAGE_STANDARD = "gnu++0x";
				CLANG_CXX_LIBRARY = "libc++";
				CLANG_ENABLE_MODULES = YES;
				CLANG_ENABLE_OBJC_ARC = YES;
				CLANG_WARN_BOOL_CONVERSION = YES;
				CLANG_WARN_CONSTANT_CONVERSION = YES;
				CLANG_WARN_DIRECT_OBJC_ISA_USAGE = YES_ERROR;
				CLANG_WARN_DOCUMENTATION_COMMENTS = YES;
				CLANG_WARN_EMPTY_BODY = YES;
				CLANG_WARN_ENUM_CONVERSION = YES;
				CLANG_WARN_INFINITE_RECURSION = YES;
				CLANG_WARN_INT_CONVERSION = YES;
				CLANG_WARN_OBJC_ROOT_CLASS = YES_ERROR;
				CLANG_WARN_SUSPICIOUS_MOVE = YES;
				CLANG_WARN_UNREACHABLE_CODE = YES;
				CLANG_WARN__DUPLICATE_METHOD_MATCH = YES;
				"CODE_SIGN_IDENTITY[sdk=iphoneos*]" = "iPhone Developer";
				COPY_PHASE_STRIP = NO;
				DEBUG_INFORMATION_FORMAT = dwarf;
				ENABLE_STRICT_OBJC_MSGSEND = YES;
				ENABLE_TESTABILITY = YES;
				GCC_C_LANGUAGE_STANDARD = gnu99;
				GCC_DYNAMIC_NO_PIC = NO;
				GCC_NO_COMMON_BLOCKS = YES;
				GCC_OPTIMIZATION_LEVEL = 0;
				GCC_PREPROCESSOR_DEFINITIONS = (
					"DEBUG=1",
					"$(inherited)",
				);
				GCC_WARN_64_TO_32_BIT_CONVERSION = YES;
				GCC_WARN_ABOUT_RETURN_TYPE = YES_ERROR;
				GCC_WARN_UNDECLARED_SELECTOR = YES;
				GCC_WARN_UNINITIALIZED_AUTOS = YES_AGGRESSIVE;
				GCC_WARN_UNUSED_FUNCTION = YES;
				GCC_WARN_UNUSED_VARIABLE = YES;
				IPHONEOS_DEPLOYMENT_TARGET = 10.2;
				MTL_ENABLE_DEBUG_INFO = YES;
				ONLY_ACTIVE_ARCH = YES;
				SDKROOT = iphoneos;
				SWIFT_ACTIVE_COMPILATION_CONDITIONS = DEBUG;
				SWIFT_OPTIMIZATION_LEVEL = "-Onone";
			};
			name = Debug;
		};
		336A6C4E1E3363FC00929D13 /* Release */ = {
			isa = XCBuildConfiguration;
			buildSettings = {
				ALWAYS_SEARCH_USER_PATHS = NO;
				CLANG_ANALYZER_NONNULL = YES;
				CLANG_CXX_LANGUAGE_STANDARD = "gnu++0x";
				CLANG_CXX_LIBRARY = "libc++";
				CLANG_ENABLE_MODULES = YES;
				CLANG_ENABLE_OBJC_ARC = YES;
				CLANG_WARN_BOOL_CONVERSION = YES;
				CLANG_WARN_CONSTANT_CONVERSION = YES;
				CLANG_WARN_DIRECT_OBJC_ISA_USAGE = YES_ERROR;
				CLANG_WARN_DOCUMENTATION_COMMENTS = YES;
				CLANG_WARN_EMPTY_BODY = YES;
				CLANG_WARN_ENUM_CONVERSION = YES;
				CLANG_WARN_INFINITE_RECURSION = YES;
				CLANG_WARN_INT_CONVERSION = YES;
				CLANG_WARN_OBJC_ROOT_CLASS = YES_ERROR;
				CLANG_WARN_SUSPICIOUS_MOVE = YES;
				CLANG_WARN_UNREACHABLE_CODE = YES;
				CLANG_WARN__DUPLICATE_METHOD_MATCH = YES;
				"CODE_SIGN_IDENTITY[sdk=iphoneos*]" = "iPhone Developer";
				COPY_PHASE_STRIP = NO;
				DEBUG_INFORMATION_FORMAT = "dwarf-with-dsym";
				ENABLE_NS_ASSERTIONS = NO;
				ENABLE_STRICT_OBJC_MSGSEND = YES;
				GCC_C_LANGUAGE_STANDARD = gnu99;
				GCC_NO_COMMON_BLOCKS = YES;
				GCC_WARN_64_TO_32_BIT_CONVERSION = YES;
				GCC_WARN_ABOUT_RETURN_TYPE = YES_ERROR;
				GCC_WARN_UNDECLARED_SELECTOR = YES;
				GCC_WARN_UNINITIALIZED_AUTOS = YES_AGGRESSIVE;
				GCC_WARN_UNUSED_FUNCTION = YES;
				GCC_WARN_UNUSED_VARIABLE = YES;
				IPHONEOS_DEPLOYMENT_TARGET = 10.2;
				MTL_ENABLE_DEBUG_INFO = NO;
				SDKROOT = iphoneos;
				SWIFT_OPTIMIZATION_LEVEL = "-Owholemodule";
				VALIDATE_PRODUCT = YES;
			};
			name = Release;
		};
		336A6C501E3363FC00929D13 /* Debug */ = {
			isa = XCBuildConfiguration;
			buildSettings = {
				ASSETCATALOG_COMPILER_APPICON_NAME = AppIcon;
				INFOPLIST_FILE = NumberToNativeLanguage/Info.plist;
				LD_RUNPATH_SEARCH_PATHS = "$(inherited) @executable_path/Frameworks";
				PRODUCT_BUNDLE_IDENTIFIER = com.todayCorp.NumberToNativeLanguage;
				PRODUCT_NAME = "$(TARGET_NAME)";
				SWIFT_VERSION = 3.0;
			};
			name = Debug;
		};
		336A6C511E3363FC00929D13 /* Release */ = {
			isa = XCBuildConfiguration;
			buildSettings = {
				ASSETCATALOG_COMPILER_APPICON_NAME = AppIcon;
				INFOPLIST_FILE = NumberToNativeLanguage/Info.plist;
				LD_RUNPATH_SEARCH_PATHS = "$(inherited) @executable_path/Frameworks";
				PRODUCT_BUNDLE_IDENTIFIER = com.todayCorp.NumberToNativeLanguage;
				PRODUCT_NAME = "$(TARGET_NAME)";
				SWIFT_VERSION = 3.0;
			};
			name = Release;
		};
/* End XCBuildConfiguration section */

/* Begin XCConfigurationList section */
		336A6C381E3363FC00929D13 /* Build configuration list for PBXProject "NumberToNativeLanguage" */ = {
			isa = XCConfigurationList;
			buildConfigurations = (
				336A6C4D1E3363FC00929D13 /* Debug */,
				336A6C4E1E3363FC00929D13 /* Release */,
			);
			defaultConfigurationIsVisible = 0;
			defaultConfigurationName = Release;
		};
		336A6C4F1E3363FC00929D13 /* Build configuration list for PBXNativeTarget "NumberToNativeLanguage" */ = {
			isa = XCConfigurationList;
			buildConfigurations = (
				336A6C501E3363FC00929D13 /* Debug */,
				336A6C511E3363FC00929D13 /* Release */,
			);
			defaultConfigurationIsVisible = 0;
			defaultConfigurationName = Release;
		};
/* End XCConfigurationList section */
	};
	rootObject = 336A6C351E3363FC00929D13 /* Project object */;
}
